# THIS IS AN AUTOGENERATED FILE. DO NOT EDIT THIS FILE DIRECTLY.
# yarn lockfile v1


"@types/service_worker_api@^0.0.9":
  version "0.0.9"
  resolved "https://registry.yarnpkg.com/@types/service_worker_api/-/service_worker_api-0.0.9.tgz#7269ff2fa0e27e23a38a22e8909534f63823dee8"
  dependencies:
    "@types/whatwg-fetch" "*"

"@types/whatwg-fetch@*":
  version "0.0.33"
  resolved "https://registry.yarnpkg.com/@types/whatwg-fetch/-/whatwg-fetch-0.0.33.tgz#19c0d2863c8cb2380f21a1c736b79cbf7895bb13"
  dependencies:
    "@types/whatwg-streams" "*"

"@types/whatwg-streams@*":
  version "0.0.3"
  resolved "https://registry.yarnpkg.com/@types/whatwg-streams/-/whatwg-streams-0.0.3.tgz#4853d869f3e26d5adfd0d9407b6edce716d06bfe"

treo-promise@1.0.1:
  version "1.0.1"
  resolved "https://registry.yarnpkg.com/treo-promise/-/treo-promise-1.0.1.tgz#e64234ae0756179c8bbc4c5a308883450eb14271"

typescript@^2.3.2:
  version "2.3.2"
  resolved "https://registry.yarnpkg.com/typescript/-/typescript-2.3.2.tgz#f0f045e196f69a72f06b25fd3bd39d01c3ce9984"
