# THIS IS AN AUTOGENERATED FILE. DO NOT EDIT THIS FILE DIRECTLY.
# yarn lockfile v1


asap@~2.0.3:
  version "2.0.5"
  resolved "https://registry.yarnpkg.com/asap/-/asap-2.0.5.tgz#522765b50c3510490e52d7dcfe085ef9ba96958f"

component-type@1.1.0:
  version "1.1.0"
  resolved "https://registry.yarnpkg.com/component-type/-/component-type-1.1.0.tgz#95b666aad53e5c8d1f2be135c45b5d499197c0c5"

idb-range@^3.0.0:
  version "3.1.3"
  resolved "https://registry.yarnpkg.com/idb-range/-/idb-range-3.1.3.tgz#fa15a8baeeb3056d5ebed7c76acf4f92e96438e2"
  dependencies:
    is-plain-obj "^1.1.0"

is-plain-obj@^1.1.0:
  version "1.1.0"
  resolved "https://registry.yarnpkg.com/is-plain-obj/-/is-plain-obj-1.1.0.tgz#71a50c8429dfca773c92a390a4a03b39fcd51d3e"

promise@^7.0.4:
  version "7.1.1"
  resolved "https://registry.yarnpkg.com/promise/-/promise-7.1.1.tgz#489654c692616b8aa55b0724fa809bb7db49c5bf"
  dependencies:
    asap "~2.0.3"

treo@^0.5.1:
  version "0.5.1"
  resolved "https://registry.yarnpkg.com/treo/-/treo-0.5.1.tgz#e90427889fbf991f2e01468c71cfa8013dcd362b"
  dependencies:
    component-type "1.1.0"
    idb-range "^3.0.0"
    promise "^7.0.4"
